{
  "nodes": {
    "nixpkgs": {
      "locked": {
        "lastModified": 1720492477,
        "narHash": "sha256-PV6LKJpj43tuKAMEfmXiKZjlOW1IqZORUJ8WYcdLtGE=",
        "owner": "NixOS",
        "repo": "nixpkgs",
        "rev": "64f145f456b7a3953f191cad9e257cd88412044e",
        "type": "github"
      },
      "original": {
        "owner": "NixOS",
        "ref": "nixpkgs-24.05-darwin",
        "repo": "nixpkgs",
        "type": "github"
      }
    },
    "root": {
      "inputs": {
        "nixpkgs": "nixpkgs"
      }
    }
  },
  "root": "root",
  "version": 7
}
